{
  "name": "watchout-common-functions",
  "version": "0.0.1",
  "lockfileVersion": 1,
  "requires": true,
  "dependencies": {
    "commander": {
      "version": "2.15.0",
      "resolved": "https://registry.npmjs.org/commander/-/commander-2.15.0.tgz",
      "integrity": "sha512-7B1ilBwtYSbetCgTY1NJFg+gVpestg0fdA1MhC1Vs4ssyfSXnCAjFr+QcQM9/RedXC0EaUx1sG8Smgw2VfgKEg=="
    },
    "lodash": {
      "version": "4.17.5",
      "resolved": "https://registry.npmjs.org/lodash/-/lodash-4.17.5.tgz",
      "integrity": "sha512-svL3uiZf1RwhH+cWrfZn3A4+U58wbP0tGVTLQPbjplZxZ8ROD9VLuNgsRniTlLe7OlSqR79RUehXgpBW/s0IQw=="
    },
    "marked": {
      "version": "0.3.17",
      "resolved": "https://registry.npmjs.org/marked/-/marked-0.3.17.tgz",
      "integrity": "sha512-+AKbNsjZl6jFfLPwHhWmGTqE009wTKn3RTmn9K8oUKHrX/abPJjtcRtXpYB/FFrwPJRUA86LX/de3T0knkPCmQ=="
    },
    "project-name-generator": {
      "version": "2.1.4",
      "resolved": "https://registry.npmjs.org/project-name-generator/-/project-name-generator-2.1.4.tgz",
      "integrity": "sha512-M+9Xwn458QynqdWaS/aMqD0/DyGUsAfaSYHXGhMTr4tYH0db9uNa92n+M56u0mfOcN7PMI2mYyr25eqoT54xNw==",
      "requires": {
        "commander": "2.15.0",
        "lodash": "4.17.5"
      }
    }
  }
}
